// !$*UTF8*$!
{
	archiveVersion = 1;
	classes = {
	};
	objectVersion = 46;
	objects = {

/* Begin PBXBuildFile section */
		AF6F35821F75D65D00E7461B /* main.cpp in Sources */ = {isa = PBXBuildFile; fileRef = AF6F35811F75D65D00E7461B /* main.cpp */; };
/* End PBXBuildFile section */

/* Begin PBXCopyFilesBuildPhase section */
		AF6F357C1F75D65D00E7461B /* CopyFiles */ = {
			isa = PBXCopyFilesBuildPhase;
			buildActionMask = 2147483647;
			dstPath = /usr/share/man/man1/;
			dstSubfolderSpec = 0;
			files = (
			);
			runOnlyForDeploymentPostprocessing = 1;
		};
/* End PBXCopyFilesBuildPhase section */

/* Begin PBXFileReference section */
		AF6F357E1F75D65D00E7461B /* BufferedPriorityTree */ = {isa = PBXFileReference; explicitFileType = "compiled.mach-o.executable"; includeInIndex = 0; path = BufferedPriorityTree; sourceTree = BUILT_PRODUCTS_DIR; };
		AF6F35811F75D65D00E7461B /* main.cpp */ = {isa = PBXFileReference; lastKnownFileType = sourcecode.cpp.cpp; path = main.cpp; sourceTree = "<group>"; };
		AF6F35891F75D6E300E7461B /* Node.hpp */ = {isa = PBXFileReference; fileEncoding = 4; lastKnownFileType = sourcecode.cpp.h; path = Node.hpp; sourceTree = "<group>"; };
		AF6F358C1F76019A00E7461B /* DoublingArray.hpp */ = {isa = PBXFileReference; fileEncoding = 4; lastKnownFileType = sourcecode.cpp.h; path = DoublingArray.hpp; sourceTree = "<group>"; };
		AF6F358F1F76050E00E7461B /* Bucket.hpp */ = {isa = PBXFileReference; fileEncoding = 4; lastKnownFileType = sourcecode.cpp.h; path = Bucket.hpp; sourceTree = "<group>"; };
		AF6F35921F761D3F00E7461B /* BufferedPriorityTree.hpp */ = {isa = PBXFileReference; fileEncoding = 4; lastKnownFileType = sourcecode.cpp.h; path = BufferedPriorityTree.hpp; sourceTree = "<group>"; };
		AF6F35951F781B0700E7461B /* FunnelSort.hpp */ = {isa = PBXFileReference; fileEncoding = 4; lastKnownFileType = sourcecode.cpp.h; path = FunnelSort.hpp; sourceTree = "<group>"; };
/* End PBXFileReference section */

/* Begin PBXFrameworksBuildPhase section */
		AF6F357B1F75D65D00E7461B /* Frameworks */ = {
			isa = PBXFrameworksBuildPhase;
			buildActionMask = 2147483647;
			files = (
			);
			runOnlyForDeploymentPostprocessing = 0;
		};
/* End PBXFrameworksBuildPhase section */

/* Begin PBXGroup section */
		AF6F35751F75D65D00E7461B = {
			isa = PBXGroup;
			children = (
				AF6F35801F75D65D00E7461B /* BufferedPriorityTree */,
				AF6F357F1F75D65D00E7461B /* Products */,
			);
			sourceTree = "<group>";
		};
		AF6F357F1F75D65D00E7461B /* Products */ = {
			isa = PBXGroup;
			children = (
				AF6F357E1F75D65D00E7461B /* BufferedPriorityTree */,
			);
			name = Products;
			sourceTree = "<group>";
		};
		AF6F35801F75D65D00E7461B /* BufferedPriorityTree */ = {
			isa = PBXGroup;
			children = (
				AF6F35811F75D65D00E7461B /* main.cpp */,
				AF6F35891F75D6E300E7461B /* Node.hpp */,
				AF6F35921F761D3F00E7461B /* BufferedPriorityTree.hpp */,
				AF6F35951F781B0700E7461B /* FunnelSort.hpp */,
				AF6F358F1F76050E00E7461B /* Bucket.hpp */,
				AF6F358C1F76019A00E7461B /* DoublingArray.hpp */,
			);
			path = BufferedPriorityTree;
			sourceTree = "<group>";
		};
/* End PBXGroup section */

/* Begin PBXNativeTarget section */
		AF6F357D1F75D65D00E7461B /* BufferedPriorityTree */ = {
			isa = PBXNativeTarget;
			buildConfigurationList = AF6F35851F75D65D00E7461B /* Build configuration list for PBXNativeTarget "BufferedPriorityTree" */;
			buildPhases = (
				AF6F357A1F75D65D00E7461B /* Sources */,
				AF6F357B1F75D65D00E7461B /* Frameworks */,
				AF6F357C1F75D65D00E7461B /* CopyFiles */,
			);
			buildRules = (
			);
			dependencies = (
			);
			name = BufferedPriorityTree;
			productName = BufferedPriorityTree;
			productReference = AF6F357E1F75D65D00E7461B /* BufferedPriorityTree */;
			productType = "com.apple.product-type.tool";
		};
/* End PBXNativeTarget section */

/* Begin PBXProject section */
		AF6F35761F75D65D00E7461B /* Project object */ = {
			isa = PBXProject;
			attributes = {
				LastUpgradeCheck = 0820;
				ORGANIZATIONNAME = "Kaitlyn Reinan";
				TargetAttributes = {
					AF6F357D1F75D65D00E7461B = {
						CreatedOnToolsVersion = 8.2.1;
						ProvisioningStyle = Automatic;
					};
				};
			};
			buildConfigurationList = AF6F35791F75D65D00E7461B /* Build configuration list for PBXProject "BufferedPriorityTree" */;
			compatibilityVersion = "Xcode 3.2";
			developmentRegion = English;
			hasScannedForEncodings = 0;
			knownRegions = (
				en,
			);
			mainGroup = AF6F35751F75D65D00E7461B;
			productRefGroup = AF6F357F1F75D65D00E7461B /* Products */;
			projectDirPath = "";
			projectRoot = "";
			targets = (
				AF6F357D1F75D65D00E7461B /* BufferedPriorityTree */,
			);
		};
/* End PBXProject section */

/* Begin PBXSourcesBuildPhase section */
		AF6F357A1F75D65D00E7461B /* Sources */ = {
			isa = PBXSourcesBuildPhase;
			buildActionMask = 2147483647;
			files = (
				AF6F35821F75D65D00E7461B /* main.cpp in Sources */,
			);
			runOnlyForDeploymentPostprocessing = 0;
		};
/* End PBXSourcesBuildPhase section */

/* Begin XCBuildConfiguration section */
		AF6F35831F75D65D00E7461B /* Debug */ = {
			isa = XCBuildConfiguration;
			buildSettings = {
				ALWAYS_SEARCH_USER_PATHS = NO;
				CLANG_ANALYZER_NONNULL = YES;
				CLANG_CXX_LANGUAGE_STANDARD = "gnu++0x";
				CLANG_CXX_LIBRARY = "libc++";
				CLANG_ENABLE_MODULES = YES;
				CLANG_ENABLE_OBJC_ARC = YES;
				CLANG_WARN_BOOL_CONVERSION = YES;
				CLANG_WARN_CONSTANT_CONVERSION = YES;
				CLANG_WARN_DIRECT_OBJC_ISA_USAGE = YES_ERROR;
				CLANG_WARN_DOCUMENTATION_COMMENTS = YES;
				CLANG_WARN_EMPTY_BODY = YES;
				CLANG_WARN_ENUM_CONVERSION = YES;
				CLANG_WARN_INFINITE_RECURSION = YES;
				CLANG_WARN_INT_CONVERSION = YES;
				CLANG_WARN_OBJC_ROOT_CLASS = YES_ERROR;
				CLANG_WARN_SUSPICIOUS_MOVE = YES;
				CLANG_WARN_UNREACHABLE_CODE = YES;
				CLANG_WARN__DUPLICATE_METHOD_MATCH = YES;
				CODE_SIGN_IDENTITY = "-";
				COPY_PHASE_STRIP = NO;
				DEBUG_INFORMATION_FORMAT = dwarf;
				ENABLE_STRICT_OBJC_MSGSEND = YES;
				ENABLE_TESTABILITY = YES;
				GCC_C_LANGUAGE_STANDARD = gnu99;
				GCC_DYNAMIC_NO_PIC = NO;
				GCC_NO_COMMON_BLOCKS = YES;
				GCC_OPTIMIZATION_LEVEL = 0;
				GCC_PREPROCESSOR_DEFINITIONS = (
					"DEBUG=1",
					"$(inherited)",
				);
				GCC_WARN_64_TO_32_BIT_CONVERSION = YES;
				GCC_WARN_ABOUT_RETURN_TYPE = YES_ERROR;
				GCC_WARN_UNDECLARED_SELECTOR = YES;
				GCC_WARN_UNINITIALIZED_AUTOS = YES_AGGRESSIVE;
				GCC_WARN_UNUSED_FUNCTION = YES;
				GCC_WARN_UNUSED_VARIABLE = YES;
				MACOSX_DEPLOYMENT_TARGET = 10.11;
				MTL_ENABLE_DEBUG_INFO = YES;
				ONLY_ACTIVE_ARCH = YES;
				SDKROOT = macosx;
			};
			name = Debug;
		};
		AF6F35841F75D65D00E7461B /* Release */ = {
			isa = XCBuildConfiguration;
			buildSettings = {
				ALWAYS_SEARCH_USER_PATHS = NO;
				CLANG_ANALYZER_NONNULL = YES;
				CLANG_CXX_LANGUAGE_STANDARD = "gnu++0x";
				CLANG_CXX_LIBRARY = "libc++";
				CLANG_ENABLE_MODULES = YES;
				CLANG_ENABLE_OBJC_ARC = YES;
				CLANG_WARN_BOOL_CONVERSION = YES;
				CLANG_WARN_CONSTANT_CONVERSION = YES;
				CLANG_WARN_DIRECT_OBJC_ISA_USAGE = YES_ERROR;
				CLANG_WARN_DOCUMENTATION_COMMENTS = YES;
				CLANG_WARN_EMPTY_BODY = YES;
				CLANG_WARN_ENUM_CONVERSION = YES;
				CLANG_WARN_INFINITE_RECURSION = YES;
				CLANG_WARN_INT_CONVERSION = YES;
				CLANG_WARN_OBJC_ROOT_CLASS = YES_ERROR;
				CLANG_WARN_SUSPICIOUS_MOVE = YES;
				CLANG_WARN_UNREACHABLE_CODE = YES;
				CLANG_WARN__DUPLICATE_METHOD_MATCH = YES;
				CODE_SIGN_IDENTITY = "-";
				COPY_PHASE_STRIP = NO;
				DEBUG_INFORMATION_FORMAT = "dwarf-with-dsym";
				ENABLE_NS_ASSERTIONS = NO;
				ENABLE_STRICT_OBJC_MSGSEND = YES;
				GCC_C_LANGUAGE_STANDARD = gnu99;
				GCC_NO_COMMON_BLOCKS = YES;
				GCC_WARN_64_TO_32_BIT_CONVERSION = YES;
				GCC_WARN_ABOUT_RETURN_TYPE = YES_ERROR;
				GCC_WARN_UNDECLARED_SELECTOR = YES;
				GCC_WARN_UNINITIALIZED_AUTOS = YES_AGGRESSIVE;
				GCC_WARN_UNUSED_FUNCTION = YES;
				GCC_WARN_UNUSED_VARIABLE = YES;
				MACOSX_DEPLOYMENT_TARGET = 10.11;
				MTL_ENABLE_DEBUG_INFO = NO;
				SDKROOT = macosx;
			};
			name = Release;
		};
		AF6F35861F75D65D00E7461B /* Debug */ = {
			isa = XCBuildConfiguration;
			buildSettings = {
				PRODUCT_NAME = "$(TARGET_NAME)";
			};
			name = Debug;
		};
		AF6F35871F75D65D00E7461B /* Release */ = {
			isa = XCBuildConfiguration;
			buildSettings = {
				PRODUCT_NAME = "$(TARGET_NAME)";
			};
			name = Release;
		};
/* End XCBuildConfiguration section */

/* Begin XCConfigurationList section */
		AF6F35791F75D65D00E7461B /* Build configuration list for PBXProject "BufferedPriorityTree" */ = {
			isa = XCConfigurationList;
			buildConfigurations = (
				AF6F35831F75D65D00E7461B /* Debug */,
				AF6F35841F75D65D00E7461B /* Release */,
			);
			defaultConfigurationIsVisible = 0;
			defaultConfigurationName = Release;
		};
		AF6F35851F75D65D00E7461B /* Build configuration list for PBXNativeTarget "BufferedPriorityTree" */ = {
			isa = XCConfigurationList;
			buildConfigurations = (
				AF6F35861F75D65D00E7461B /* Debug */,
				AF6F35871F75D65D00E7461B /* Release */,
			);
			defaultConfigurationIsVisible = 0;
			defaultConfigurationName = Release;
		};
/* End XCConfigurationList section */
	};
	rootObject = AF6F35761F75D65D00E7461B /* Project object */;
}
